
Microsoft Visual Studio Solution File, Format Version 12.00
# Visual Studio Version 17
VisualStudioVersion = 17.9.34701.34
MinimumVisualStudioVersion = 10.0.40219.1
Project("{FAE04EC0-301F-11D3-BF4B-00C04F79EFBC}") = "Creation", "Creation\Creation.csproj", "{D4CEDDE7-2E09-4CCD-93A0-1DB5BA94860D}"
EndProject
Project("{FAE04EC0-301F-11D3-BF4B-00C04F79EFBC}") = "Operations", "Operations\Operations.csproj", "{7A44F29A-60A6-4772-AFC6-12D75046B65A}"
EndProject
Global
	GlobalSection(SolutionConfigurationPlatforms) = preSolution
		Debug|Any CPU = Debug|Any CPU
		Release|Any CPU = Release|Any CPU
	EndGlobalSection
	GlobalSection(ProjectConfigurationPlatforms) = postSolution
		{D4CEDDE7-2E09-4CCD-93A0-1DB5BA94860D}.Debug|Any CPU.ActiveCfg = Debug|Any CPU
		{D4CEDDE7-2E09-4CCD-93A0-1DB5BA94860D}.Debug|Any CPU.Build.0 = Debug|Any CPU
		{D4CEDDE7-2E09-4CCD-93A0-1DB5BA94860D}.Release|Any CPU.ActiveCfg = Release|Any CPU
		{D4CEDDE7-2E09-4CCD-93A0-1DB5BA94860D}.Release|Any CPU.Build.0 = Release|Any CPU
		{7A44F29A-60A6-4772-AFC6-12D75046B65A}.Debug|Any CPU.ActiveCfg = Debug|Any CPU
		{7A44F29A-60A6-4772-AFC6-12D75046B65A}.Debug|Any CPU.Build.0 = Debug|Any CPU
		{7A44F29A-60A6-4772-AFC6-12D75046B65A}.Release|Any CPU.ActiveCfg = Release|Any CPU
		{7A44F29A-60A6-4772-AFC6-12D75046B65A}.Release|Any CPU.Build.0 = Release|Any CPU
	EndGlobalSection
	GlobalSection(SolutionProperties) = preSolution
		HideSolutionNode = FALSE
	EndGlobalSection
	GlobalSection(ExtensibilityGlobals) = postSolution
		SolutionGuid = {E71EEA10-1347-4A75-90D5-E17424C1659E}
	EndGlobalSection
EndGlobal
