
Microsoft Visual Studio Solution File, Format Version 12.00
# Visual Studio Version 17
VisualStudioVersion = 17.9.34701.34
MinimumVisualStudioVersion = 10.0.40219.1
Project("{FAE04EC0-301F-11D3-BF4B-00C04F79EFBC}") = "Creation", "Creation\Creation.csproj", "{1DC64369-4A89-4D03-8D18-9A8E75EB64EE}"
EndProject
Project("{FAE04EC0-301F-11D3-BF4B-00C04F79EFBC}") = "Operations", "Operations\Operations.csproj", "{B76F2856-648F-40D5-A31E-20B2713AF449}"
EndProject
Global
	GlobalSection(SolutionConfigurationPlatforms) = preSolution
		Debug|Any CPU = Debug|Any CPU
		Release|Any CPU = Release|Any CPU
	EndGlobalSection
	GlobalSection(ProjectConfigurationPlatforms) = postSolution
		{1DC64369-4A89-4D03-8D18-9A8E75EB64EE}.Debug|Any CPU.ActiveCfg = Debug|Any CPU
		{1DC64369-4A89-4D03-8D18-9A8E75EB64EE}.Debug|Any CPU.Build.0 = Debug|Any CPU
		{1DC64369-4A89-4D03-8D18-9A8E75EB64EE}.Release|Any CPU.ActiveCfg = Release|Any CPU
		{1DC64369-4A89-4D03-8D18-9A8E75EB64EE}.Release|Any CPU.Build.0 = Release|Any CPU
		{B76F2856-648F-40D5-A31E-20B2713AF449}.Debug|Any CPU.ActiveCfg = Debug|Any CPU
		{B76F2856-648F-40D5-A31E-20B2713AF449}.Debug|Any CPU.Build.0 = Debug|Any CPU
		{B76F2856-648F-40D5-A31E-20B2713AF449}.Release|Any CPU.ActiveCfg = Release|Any CPU
		{B76F2856-648F-40D5-A31E-20B2713AF449}.Release|Any CPU.Build.0 = Release|Any CPU
	EndGlobalSection
	GlobalSection(SolutionProperties) = preSolution
		HideSolutionNode = FALSE
	EndGlobalSection
	GlobalSection(ExtensibilityGlobals) = postSolution
		SolutionGuid = {EAB2B13F-A751-4CAC-9ABB-49AA14E225EB}
	EndGlobalSection
EndGlobal
