
Microsoft Visual Studio Solution File, Format Version 12.00
# Visual Studio Version 17
VisualStudioVersion = 17.9.34723.18
MinimumVisualStudioVersion = 10.0.40219.1
Project("{FAE04EC0-301F-11D3-BF4B-00C04F79EFBC}") = "ReadAndWrite", "ReadAndWrite\ReadAndWrite.csproj", "{88C699DB-2E7D-4379-844B-630B535F5F3C}"
EndProject
Project("{FAE04EC0-301F-11D3-BF4B-00C04F79EFBC}") = "ReadAndWriteUsingFileClass", "ReadAndWriteUsingFileClass\ReadAndWriteUsingFileClass.csproj", "{B75D582A-ED45-4206-8430-C9D66E36A356}"
EndProject
Project("{FAE04EC0-301F-11D3-BF4B-00C04F79EFBC}") = "Operations", "Operations\Operations.csproj", "{0C4550A7-467C-4A36-82B4-1D95673200EA}"
EndProject
Global
	GlobalSection(SolutionConfigurationPlatforms) = preSolution
		Debug|Any CPU = Debug|Any CPU
		Release|Any CPU = Release|Any CPU
	EndGlobalSection
	GlobalSection(ProjectConfigurationPlatforms) = postSolution
		{88C699DB-2E7D-4379-844B-630B535F5F3C}.Debug|Any CPU.ActiveCfg = Debug|Any CPU
		{88C699DB-2E7D-4379-844B-630B535F5F3C}.Debug|Any CPU.Build.0 = Debug|Any CPU
		{88C699DB-2E7D-4379-844B-630B535F5F3C}.Release|Any CPU.ActiveCfg = Release|Any CPU
		{88C699DB-2E7D-4379-844B-630B535F5F3C}.Release|Any CPU.Build.0 = Release|Any CPU
		{B75D582A-ED45-4206-8430-C9D66E36A356}.Debug|Any CPU.ActiveCfg = Debug|Any CPU
		{B75D582A-ED45-4206-8430-C9D66E36A356}.Debug|Any CPU.Build.0 = Debug|Any CPU
		{B75D582A-ED45-4206-8430-C9D66E36A356}.Release|Any CPU.ActiveCfg = Release|Any CPU
		{B75D582A-ED45-4206-8430-C9D66E36A356}.Release|Any CPU.Build.0 = Release|Any CPU
		{0C4550A7-467C-4A36-82B4-1D95673200EA}.Debug|Any CPU.ActiveCfg = Debug|Any CPU
		{0C4550A7-467C-4A36-82B4-1D95673200EA}.Debug|Any CPU.Build.0 = Debug|Any CPU
		{0C4550A7-467C-4A36-82B4-1D95673200EA}.Release|Any CPU.ActiveCfg = Release|Any CPU
		{0C4550A7-467C-4A36-82B4-1D95673200EA}.Release|Any CPU.Build.0 = Release|Any CPU
	EndGlobalSection
	GlobalSection(SolutionProperties) = preSolution
		HideSolutionNode = FALSE
	EndGlobalSection
	GlobalSection(ExtensibilityGlobals) = postSolution
		SolutionGuid = {F2411352-32F7-4A69-9339-9ADFC95AF1CF}
	EndGlobalSection
EndGlobal
